{
  "name": "mariage-amelie-et-jb",
  "version": "1.0.0",
  "lockfileVersion": 1,
  "requires": true,
  "dependencies": {
    "@parcel/css-cli": {
      "version": "1.4.0",
      "resolved": "https://nexus.cnum.confiance.io/repository/digiposte-npm-public/@parcel/css-cli/-/css-cli-1.4.0.tgz",
      "integrity": "sha512-IjOPXiTFlhpQmMXv4azvZl8WputoG+bGuRL/UJLC1l1swnM5pGZeyKlMng+o959uxMDXBNCiP7IdwVIovRJuAA==",
      "requires": {
        "@parcel/css-cli-darwin-arm64": "1.4.0",
        "@parcel/css-cli-darwin-x64": "1.4.0",
        "@parcel/css-cli-linux-arm-gnueabihf": "1.4.0",
        "@parcel/css-cli-linux-arm64-gnu": "1.4.0",
        "@parcel/css-cli-linux-arm64-musl": "1.4.0",
        "@parcel/css-cli-linux-x64-gnu": "1.4.0",
        "@parcel/css-cli-linux-x64-musl": "1.4.0",
        "@parcel/css-cli-win32-x64-msvc": "1.4.0",
        "detect-libc": "^1.0.3"
      }
    },
    "@parcel/css-cli-darwin-arm64": {
      "version": "1.4.0",
      "resolved": "https://nexus.cnum.confiance.io/repository/digiposte-npm-public/@parcel/css-cli-darwin-arm64/-/css-cli-darwin-arm64-1.4.0.tgz",
      "integrity": "sha512-cyBclEfGsPvrvB7CwEA0VKcpRbfSz8k5Ag7dkJEVf7YJ/9WrbAK88wizG08WYfYbsjtZGFb/V3qoH6oh++XBmQ==",
      "optional": true
    },
    "@parcel/css-cli-darwin-x64": {
      "version": "1.4.0",
      "resolved": "https://nexus.cnum.confiance.io/repository/digiposte-npm-public/@parcel/css-cli-darwin-x64/-/css-cli-darwin-x64-1.4.0.tgz",
      "integrity": "sha512-4RlXyvqhJmbSssQ8TvfM6MULy2GBUPW/1L7oIXr2r6uPk5GPfQ7S5D/DQRqKDQyDb/Jh3P8bVeGhANdsRjuQ+A==",
      "optional": true
    },
    "@parcel/css-cli-linux-arm-gnueabihf": {
      "version": "1.4.0",
      "resolved": "https://nexus.cnum.confiance.io/repository/digiposte-npm-public/@parcel/css-cli-linux-arm-gnueabihf/-/css-cli-linux-arm-gnueabihf-1.4.0.tgz",
      "integrity": "sha512-QiPGD6r3IypsBqsGozmDc+l4DPtsthDVHCVbrXsTZjCC+1qJmbCgXWHcwDLEzwV85J9+mFAiGNfURbPRfEsvCg==",
      "optional": true
    },
    "@parcel/css-cli-linux-arm64-gnu": {
      "version": "1.4.0",
      "resolved": "https://nexus.cnum.confiance.io/repository/digiposte-npm-public/@parcel/css-cli-linux-arm64-gnu/-/css-cli-linux-arm64-gnu-1.4.0.tgz",
      "integrity": "sha512-xxcNOwCTXDAXbgAfkxnoleznYI4P7xGD9MBRMAaOLJfGboxCpvM8fee3RYvMHGpJgWpN4J7PiYVUxq8+zgCipQ==",
      "optional": true
    },
    "@parcel/css-cli-linux-arm64-musl": {
      "version": "1.4.0",
      "resolved": "https://nexus.cnum.confiance.io/repository/digiposte-npm-public/@parcel/css-cli-linux-arm64-musl/-/css-cli-linux-arm64-musl-1.4.0.tgz",
      "integrity": "sha512-vJEcpbbvrb+zg7kF/nqUjSLuq/Z65/RcVKkRXKCiQzQzspQqo2xT2wpt4vRQ7SZwzRebflPrsj/DNxaqW1pqew==",
      "optional": true
    },
    "@parcel/css-cli-linux-x64-gnu": {
      "version": "1.4.0",
      "resolved": "https://nexus.cnum.confiance.io/repository/digiposte-npm-public/@parcel/css-cli-linux-x64-gnu/-/css-cli-linux-x64-gnu-1.4.0.tgz",
      "integrity": "sha512-kHeDWFdzzIc4kESyKC0S9uBKo45TLfwA38Ek64FAGY9+fxVo6OEkykgxqrsZmu3tH65oBZry2D+Rr0CKXOYY8A==",
      "optional": true
    },
    "@parcel/css-cli-linux-x64-musl": {
      "version": "1.4.0",
      "resolved": "https://nexus.cnum.confiance.io/repository/digiposte-npm-public/@parcel/css-cli-linux-x64-musl/-/css-cli-linux-x64-musl-1.4.0.tgz",
      "integrity": "sha512-ep/8B+485bPYY5W0SfrfT7DgRxEZ1y7D/VSVs0f0G0UH/Xe7fx62cBHFS9BTt4zSmKsqlWjoHr6w56KhBJQQdg==",
      "optional": true
    },
    "@parcel/css-cli-win32-x64-msvc": {
      "version": "1.4.0",
      "resolved": "https://nexus.cnum.confiance.io/repository/digiposte-npm-public/@parcel/css-cli-win32-x64-msvc/-/css-cli-win32-x64-msvc-1.4.0.tgz",
      "integrity": "sha512-JhZRKl+vz/oKIK0HA8oeIS0S/bLqUa2tTtWMxkGL83YubpZtLma5nYMWLQEq0rD97/nXHdd93GfHMr19sDUOXw==",
      "optional": true
    },
    "balanced-match": {
      "version": "1.0.2",
      "resolved": "https://nexus.cnum.confiance.io/repository/digiposte-npm-public/balanced-match/-/balanced-match-1.0.2.tgz",
      "integrity": "sha512-3oSeUO0TMV67hN1AmbXsK4yaqU7tjiHlbxRDZOpH0KW9+CeX4bRAaX0Anxt0tx2MrpRpWwQaPwIlISEJhYU5Pw=="
    },
    "brace-expansion": {
      "version": "1.1.11",
      "resolved": "https://nexus.cnum.confiance.io/repository/digiposte-npm-public/brace-expansion/-/brace-expansion-1.1.11.tgz",
      "integrity": "sha512-iCuPHDFgrHX7H2vEI/5xpz07zSHB00TpugqhmYtVmMO6518mCuRMoOYFldEBl0g187ufozdaHgWKcYFb61qGiA==",
      "requires": {
        "balanced-match": "^1.0.0",
        "concat-map": "0.0.1"
      }
    },
    "bulma": {
      "version": "0.9.3",
      "resolved": "https://nexus.cnum.confiance.io/repository/digiposte-npm-public/bulma/-/bulma-0.9.3.tgz",
      "integrity": "sha512-0d7GNW1PY4ud8TWxdNcP6Cc8Bu7MxcntD/RRLGWuiw/s0a9P+XlH/6QoOIrmbj6o8WWJzJYhytiu9nFjTszk1g=="
    },
    "commander": {
      "version": "8.3.0",
      "resolved": "https://nexus.cnum.confiance.io/repository/digiposte-npm-public/commander/-/commander-8.3.0.tgz",
      "integrity": "sha512-OkTL9umf+He2DZkUq8f8J9of7yL6RJKI24dVITBmNfZBmri9zYZQrKkuXiKhyfPSu8tUhnVBB1iKXevvnlR4Ww=="
    },
    "concat-map": {
      "version": "0.0.1",
      "resolved": "https://nexus.cnum.confiance.io/repository/digiposte-npm-public/concat-map/-/concat-map-0.0.1.tgz",
      "integrity": "sha1-2Klr13/Wjfd5OnMDajug1UBdR3s="
    },
    "cssesc": {
      "version": "3.0.0",
      "resolved": "https://nexus.cnum.confiance.io/repository/digiposte-npm-public/cssesc/-/cssesc-3.0.0.tgz",
      "integrity": "sha512-/Tb/JcjK111nNScGob5MNtsntNM1aCNUDipB/TkwZFhyDrrE47SOx/18wF2bbjgc3ZzCSKW1T5nt5EbFoAz/Vg=="
    },
    "detect-libc": {
      "version": "1.0.3",
      "resolved": "https://nexus.cnum.confiance.io/repository/digiposte-npm-public/detect-libc/-/detect-libc-1.0.3.tgz",
      "integrity": "sha1-+hN8S9aY7fVc1c0CrFWfkaTEups="
    },
    "fs.realpath": {
      "version": "1.0.0",
      "resolved": "https://nexus.cnum.confiance.io/repository/digiposte-npm-public/fs.realpath/-/fs.realpath-1.0.0.tgz",
      "integrity": "sha1-FQStJSMVjKpA20onh8sBQRmU6k8="
    },
    "glob": {
      "version": "7.2.0",
      "resolved": "https://nexus.cnum.confiance.io/repository/digiposte-npm-public/glob/-/glob-7.2.0.tgz",
      "integrity": "sha512-lmLf6gtyrPq8tTjSmrO94wBeQbFR3HbLHbuyD69wuyQkImp2hWqMGB47OX65FBkPffO641IP9jWa1z4ivqG26Q==",
      "requires": {
        "fs.realpath": "^1.0.0",
        "inflight": "^1.0.4",
        "inherits": "2",
        "minimatch": "^3.0.4",
        "once": "^1.3.0",
        "path-is-absolute": "^1.0.0"
      }
    },
    "inflight": {
      "version": "1.0.6",
      "resolved": "https://nexus.cnum.confiance.io/repository/digiposte-npm-public/inflight/-/inflight-1.0.6.tgz",
      "integrity": "sha1-Sb1jMdfQLQwJvJEKEHW6gWW1bfk=",
      "requires": {
        "once": "^1.3.0",
        "wrappy": "1"
      }
    },
    "inherits": {
      "version": "2.0.4",
      "resolved": "https://nexus.cnum.confiance.io/repository/digiposte-npm-public/inherits/-/inherits-2.0.4.tgz",
      "integrity": "sha512-k/vGaX4/Yla3WzyMCvTQOXYeIHvqOKtnqBduzTHpzpQZzAskKMhZ2K+EnBiSM9zGSoIFeMpXKxa4dYeZIQqewQ=="
    },
    "minimatch": {
      "version": "3.1.2",
      "resolved": "https://nexus.cnum.confiance.io/repository/digiposte-npm-public/minimatch/-/minimatch-3.1.2.tgz",
      "integrity": "sha512-J7p63hRiAjw1NDEww1W7i37+ByIrOWO5XQQAzZ3VOcL0PNybwpfmV/N05zFAzwQ9USyEcX6t3UO+K5aqBQOIHw==",
      "requires": {
        "brace-expansion": "^1.1.7"
      }
    },
    "nanoid": {
      "version": "3.3.1",
      "resolved": "https://nexus.cnum.confiance.io/repository/digiposte-npm-public/nanoid/-/nanoid-3.3.1.tgz",
      "integrity": "sha512-n6Vs/3KGyxPQd6uO0eH4Bv0ojGSUvuLlIHtC3Y0kEO23YRge8H9x1GCzLn28YX0H66pMkxuaeESFq4tKISKwdw=="
    },
    "once": {
      "version": "1.4.0",
      "resolved": "https://nexus.cnum.confiance.io/repository/digiposte-npm-public/once/-/once-1.4.0.tgz",
      "integrity": "sha1-WDsap3WWHUsROsF9nFC6753Xa9E=",
      "requires": {
        "wrappy": "1"
      }
    },
    "path-is-absolute": {
      "version": "1.0.1",
      "resolved": "https://nexus.cnum.confiance.io/repository/digiposte-npm-public/path-is-absolute/-/path-is-absolute-1.0.1.tgz",
      "integrity": "sha1-F0uSaHNVNP+8es5r9TpanhtcX18="
    },
    "picocolors": {
      "version": "1.0.0",
      "resolved": "https://nexus.cnum.confiance.io/repository/digiposte-npm-public/picocolors/-/picocolors-1.0.0.tgz",
      "integrity": "sha512-1fygroTLlHu66zi26VoTDv8yRgm0Fccecssto+MhsZ0D/DGW2sm8E8AjW7NU5VVTRt5GxbeZ5qBuJr+HyLYkjQ=="
    },
    "postcss": {
      "version": "8.4.7",
      "resolved": "https://nexus.cnum.confiance.io/repository/digiposte-npm-public/postcss/-/postcss-8.4.7.tgz",
      "integrity": "sha512-L9Ye3r6hkkCeOETQX6iOaWZgjp3LL6Lpqm6EtgbKrgqGGteRMNb9vzBfRL96YOSu8o7x3MfIH9Mo5cPJFGrW6A==",
      "requires": {
        "nanoid": "^3.3.1",
        "picocolors": "^1.0.0",
        "source-map-js": "^1.0.2"
      }
    },
    "postcss-selector-parser": {
      "version": "6.0.9",
      "resolved": "https://nexus.cnum.confiance.io/repository/digiposte-npm-public/postcss-selector-parser/-/postcss-selector-parser-6.0.9.tgz",
      "integrity": "sha512-UO3SgnZOVTwu4kyLR22UQ1xZh086RyNZppb7lLAKBFK8a32ttG5i87Y/P3+2bRSjZNyJ1B7hfFNo273tKe9YxQ==",
      "requires": {
        "cssesc": "^3.0.0",
        "util-deprecate": "^1.0.2"
      }
    },
    "purgecss": {
      "version": "4.1.3",
      "resolved": "https://nexus.cnum.confiance.io/repository/digiposte-npm-public/purgecss/-/purgecss-4.1.3.tgz",
      "integrity": "sha512-99cKy4s+VZoXnPxaoM23e5ABcP851nC2y2GROkkjS8eJaJtlciGavd7iYAw2V84WeBqggZ12l8ef44G99HmTaw==",
      "requires": {
        "commander": "^8.0.0",
        "glob": "^7.1.7",
        "postcss": "^8.3.5",
        "postcss-selector-parser": "^6.0.6"
      }
    },
    "source-map-js": {
      "version": "1.0.2",
      "resolved": "https://nexus.cnum.confiance.io/repository/digiposte-npm-public/source-map-js/-/source-map-js-1.0.2.tgz",
      "integrity": "sha512-R0XvVJ9WusLiqTCEiGCmICCMplcCkIwwR11mOSD9CR5u+IXYdiseeEuXCVAjS54zqwkLcPNnmU4OeJ6tUrWhDw=="
    },
    "util-deprecate": {
      "version": "1.0.2",
      "resolved": "https://nexus.cnum.confiance.io/repository/digiposte-npm-public/util-deprecate/-/util-deprecate-1.0.2.tgz",
      "integrity": "sha1-RQ1Nyfpw3nMnYvvS1KKJgUGaDM8="
    },
    "wrappy": {
      "version": "1.0.2",
      "resolved": "https://nexus.cnum.confiance.io/repository/digiposte-npm-public/wrappy/-/wrappy-1.0.2.tgz",
      "integrity": "sha1-tSQ9jz7BqjXxNkYFvA0QNuMKtp8="
    }
  }
}
