# THIS IS AN AUTOGENERATED FILE. DO NOT EDIT THIS FILE DIRECTLY.
# yarn lockfile v1


"@parcel/css-cli-darwin-arm64@1.10.1":
  version "1.10.1"
  resolved "https://registry.yarnpkg.com/@parcel/css-cli-darwin-arm64/-/css-cli-darwin-arm64-1.10.1.tgz#8f8e6c3ee8b7a60299ab1bf3d187fe8d19c0e44a"
  integrity sha512-pkLNooZfkHDLwcTqkmPRmGD1vnKL66LqT4OIbL8DFQYGPslVBd8mniVPTxS3S8qRvBc76DUjL0K7yLUjAkW8SQ==

"@parcel/css-cli-darwin-x64@1.10.1":
  version "1.10.1"
  resolved "https://registry.yarnpkg.com/@parcel/css-cli-darwin-x64/-/css-cli-darwin-x64-1.10.1.tgz#d96d796e0a9a2d55dd88e03f3d48c9a149e309f2"
  integrity sha512-jPkjTarrRrwWPzaHwPSVz6UMFf93Vk3xuD0zrl7S9F/I4knP3Kx8816aut8Hm2nD1hGYBywMY6dl0udbsZhp6w==

"@parcel/css-cli-linux-arm-gnueabihf@1.10.1":
  version "1.10.1"
  resolved "https://registry.yarnpkg.com/@parcel/css-cli-linux-arm-gnueabihf/-/css-cli-linux-arm-gnueabihf-1.10.1.tgz#6de514075501738b7e73455b976892e1cec0fedb"
  integrity sha512-nqHuemrGlI8Ltv3Xd4acHp1ZX81vi2j1lpMKXAT9A9nOIQJhvKdQ0ZmUFQthZ+yxlcgl2ncvGp406RM+xUtbYw==

"@parcel/css-cli-linux-arm64-gnu@1.10.1":
  version "1.10.1"
  resolved "https://registry.yarnpkg.com/@parcel/css-cli-linux-arm64-gnu/-/css-cli-linux-arm64-gnu-1.10.1.tgz#b2cd7031561570d36fb4d70351179282ad81e101"
  integrity sha512-TPekl3oI37ASGga6O/oxD2DmA0HObnCUI9CsvkYetpZg+cDFvpNu1ZVE44rXb5SOvDNDECd9ITRcv69NLJsiFw==

"@parcel/css-cli-linux-arm64-musl@1.10.1":
  version "1.10.1"
  resolved "https://registry.yarnpkg.com/@parcel/css-cli-linux-arm64-musl/-/css-cli-linux-arm64-musl-1.10.1.tgz#cddbc967845b324111d7d05f4754ec220844a7e7"
  integrity sha512-V+D3jf4gVztYWLwufzLe2VoCjF5yopLEFZglEfuuR+vEyt6Tbatg1s7ITnkWPmfZ9Grpjdt4iCkfof2neh7znA==

"@parcel/css-cli-linux-x64-gnu@1.10.1":
  version "1.10.1"
  resolved "https://registry.yarnpkg.com/@parcel/css-cli-linux-x64-gnu/-/css-cli-linux-x64-gnu-1.10.1.tgz#35b33afc88abe3268ebe7439c495177ee9742660"
  integrity sha512-gRb+lFkWgL9E6d/gW5tea+aMNL23AAOt6DdKlNAe9JDm3NqL39wljkeTl8/g4IQfZUfyivffhMlnHBBXUo07Xw==

"@parcel/css-cli-linux-x64-musl@1.10.1":
  version "1.10.1"
  resolved "https://registry.yarnpkg.com/@parcel/css-cli-linux-x64-musl/-/css-cli-linux-x64-musl-1.10.1.tgz#de22465e0a825a29cc77ff255a30d87c10a77ebe"
  integrity sha512-KVa5zVkjXOT/YDGickKbm1jCLMEIbuYuy/aL5iO8Vre5bMwVLrADee//EU/3NkR9pEK4Fsm0ccIJnvIAsxtj8Q==

"@parcel/css-cli-win32-x64-msvc@1.10.1":
  version "1.10.1"
  resolved "https://registry.yarnpkg.com/@parcel/css-cli-win32-x64-msvc/-/css-cli-win32-x64-msvc-1.10.1.tgz#6e2ac67a7170e13e9a938bbd9f73e0868f70f83a"
  integrity sha512-Q6UtcvEiS9nVXMAqnvrNoOEmUXRM8zq7KcV4iuq+a6Q8FiN1Hj8qjn3oqcvRZ5RnNMK1Wf2HAwsiHNw4/WGv0Q==

"@parcel/css-cli@^1.4.0":
  version "1.10.1"
  resolved "https://registry.yarnpkg.com/@parcel/css-cli/-/css-cli-1.10.1.tgz#07f9a8336ece1a399f8e2d1523b3987c05ce8388"
  integrity sha512-SqHfRHWKu9ycfunMjVYUsCkTMnWZxiV3zYioPMNT0WTUGBVbiUlInhlu1jxj8dndHaixYZUoQfIp+xr4YAcwFg==
  dependencies:
    detect-libc "^1.0.3"
  optionalDependencies:
    "@parcel/css-cli-darwin-arm64" "1.10.1"
    "@parcel/css-cli-darwin-x64" "1.10.1"
    "@parcel/css-cli-linux-arm-gnueabihf" "1.10.1"
    "@parcel/css-cli-linux-arm64-gnu" "1.10.1"
    "@parcel/css-cli-linux-arm64-musl" "1.10.1"
    "@parcel/css-cli-linux-x64-gnu" "1.10.1"
    "@parcel/css-cli-linux-x64-musl" "1.10.1"
    "@parcel/css-cli-win32-x64-msvc" "1.10.1"

balanced-match@^1.0.0:
  version "1.0.2"
  resolved "https://registry.yarnpkg.com/balanced-match/-/balanced-match-1.0.2.tgz#e83e3a7e3f300b34cb9d87f615fa0cbf357690ee"
  integrity sha512-3oSeUO0TMV67hN1AmbXsK4yaqU7tjiHlbxRDZOpH0KW9+CeX4bRAaX0Anxt0tx2MrpRpWwQaPwIlISEJhYU5Pw==

brace-expansion@^1.1.7:
  version "1.1.11"
  resolved "https://registry.yarnpkg.com/brace-expansion/-/brace-expansion-1.1.11.tgz#3c7fcbf529d87226f3d2f52b966ff5271eb441dd"
  integrity sha512-iCuPHDFgrHX7H2vEI/5xpz07zSHB00TpugqhmYtVmMO6518mCuRMoOYFldEBl0g187ufozdaHgWKcYFb61qGiA==
  dependencies:
    balanced-match "^1.0.0"
    concat-map "0.0.1"

bulma@^0.9.3:
  version "0.9.4"
  resolved "https://registry.yarnpkg.com/bulma/-/bulma-0.9.4.tgz#0ca8aeb1847a34264768dba26a064c8be72674a1"
  integrity sha512-86FlT5+1GrsgKbPLRRY7cGDg8fsJiP/jzTqXXVqiUZZ2aZT8uemEOHlU1CDU+TxklPEZ11HZNNWclRBBecP4CQ==

commander@^8.0.0:
  version "8.3.0"
  resolved "https://registry.yarnpkg.com/commander/-/commander-8.3.0.tgz#4837ea1b2da67b9c616a67afbb0fafee567bca66"
  integrity sha512-OkTL9umf+He2DZkUq8f8J9of7yL6RJKI24dVITBmNfZBmri9zYZQrKkuXiKhyfPSu8tUhnVBB1iKXevvnlR4Ww==

concat-map@0.0.1:
  version "0.0.1"
  resolved "https://registry.yarnpkg.com/concat-map/-/concat-map-0.0.1.tgz#d8a96bd77fd68df7793a73036a3ba0d5405d477b"
  integrity sha512-/Srv4dswyQNBfohGpz9o6Yb3Gz3SrUDqBH5rTuhGR7ahtlbYKnVxw2bCFMRljaA7EXHaXZ8wsHdodFvbkhKmqg==

cssesc@^3.0.0:
  version "3.0.0"
  resolved "https://registry.yarnpkg.com/cssesc/-/cssesc-3.0.0.tgz#37741919903b868565e1c09ea747445cd18983ee"
  integrity sha512-/Tb/JcjK111nNScGob5MNtsntNM1aCNUDipB/TkwZFhyDrrE47SOx/18wF2bbjgc3ZzCSKW1T5nt5EbFoAz/Vg==

detect-libc@^1.0.3:
  version "1.0.3"
  resolved "https://registry.yarnpkg.com/detect-libc/-/detect-libc-1.0.3.tgz#fa137c4bd698edf55cd5cd02ac559f91a4c4ba9b"
  integrity sha512-pGjwhsmsp4kL2RTz08wcOlGN83otlqHeD/Z5T8GXZB+/YcpQ/dgo+lbU8ZsGxV0HIvqqxo9l7mqYwyYMD9bKDg==

fs.realpath@^1.0.0:
  version "1.0.0"
  resolved "https://registry.yarnpkg.com/fs.realpath/-/fs.realpath-1.0.0.tgz#1504ad2523158caa40db4a2787cb01411994ea4f"
  integrity sha512-OO0pH2lK6a0hZnAdau5ItzHPI6pUlvI7jMVnxUQRtw4owF2wk8lOSabtGDCTP4Ggrg2MbGnWO9X8K1t4+fGMDw==

glob@^7.1.7:
  version "7.2.3"
  resolved "https://registry.yarnpkg.com/glob/-/glob-7.2.3.tgz#b8df0fb802bbfa8e89bd1d938b4e16578ed44f2b"
  integrity sha512-nFR0zLpU2YCaRxwoCJvL6UvCH2JFyFVIvwTLsIf21AuHlMskA1hhTdk+LlYJtOlYt9v6dvszD2BGRqBL+iQK9Q==
  dependencies:
    fs.realpath "^1.0.0"
    inflight "^1.0.4"
    inherits "2"
    minimatch "^3.1.1"
    once "^1.3.0"
    path-is-absolute "^1.0.0"

inflight@^1.0.4:
  version "1.0.6"
  resolved "https://registry.yarnpkg.com/inflight/-/inflight-1.0.6.tgz#49bd6331d7d02d0c09bc910a1075ba8165b56df9"
  integrity sha512-k92I/b08q4wvFscXCLvqfsHCrjrF7yiXsQuIVvVE7N82W3+aqpzuUdBbfhWcy/FZR3/4IgflMgKLOsvPDrGCJA==
  dependencies:
    once "^1.3.0"
    wrappy "1"

inherits@2:
  version "2.0.4"
  resolved "https://registry.yarnpkg.com/inherits/-/inherits-2.0.4.tgz#0fa2c64f932917c3433a0ded55363aae37416b7c"
  integrity sha512-k/vGaX4/Yla3WzyMCvTQOXYeIHvqOKtnqBduzTHpzpQZzAskKMhZ2K+EnBiSM9zGSoIFeMpXKxa4dYeZIQqewQ==

minimatch@^3.1.1:
  version "3.1.2"
  resolved "https://registry.yarnpkg.com/minimatch/-/minimatch-3.1.2.tgz#19cd194bfd3e428f049a70817c038d89ab4be35b"
  integrity sha512-J7p63hRiAjw1NDEww1W7i37+ByIrOWO5XQQAzZ3VOcL0PNybwpfmV/N05zFAzwQ9USyEcX6t3UO+K5aqBQOIHw==
  dependencies:
    brace-expansion "^1.1.7"

nanoid@^3.3.4:
  version "3.3.4"
  resolved "https://registry.yarnpkg.com/nanoid/-/nanoid-3.3.4.tgz#730b67e3cd09e2deacf03c027c81c9d9dbc5e8ab"
  integrity sha512-MqBkQh/OHTS2egovRtLk45wEyNXwF+cokD+1YPf9u5VfJiRdAiRwB2froX5Co9Rh20xs4siNPm8naNotSD6RBw==

once@^1.3.0:
  version "1.4.0"
  resolved "https://registry.yarnpkg.com/once/-/once-1.4.0.tgz#583b1aa775961d4b113ac17d9c50baef9dd76bd1"
  integrity sha512-lNaJgI+2Q5URQBkccEKHTQOPaXdUxnZZElQTZY0MFUAuaEqe1E+Nyvgdz/aIyNi6Z9MzO5dv1H8n58/GELp3+w==
  dependencies:
    wrappy "1"

path-is-absolute@^1.0.0:
  version "1.0.1"
  resolved "https://registry.yarnpkg.com/path-is-absolute/-/path-is-absolute-1.0.1.tgz#174b9268735534ffbc7ace6bf53a5a9e1b5c5f5f"
  integrity sha512-AVbw3UJ2e9bq64vSaS9Am0fje1Pa8pbGqTTsmXfaIiMpnr5DlDhfJOuLj9Sf95ZPVDAUerDfEk88MPmPe7UCQg==

picocolors@^1.0.0:
  version "1.0.0"
  resolved "https://registry.yarnpkg.com/picocolors/-/picocolors-1.0.0.tgz#cb5bdc74ff3f51892236eaf79d68bc44564ab81c"
  integrity sha512-1fygroTLlHu66zi26VoTDv8yRgm0Fccecssto+MhsZ0D/DGW2sm8E8AjW7NU5VVTRt5GxbeZ5qBuJr+HyLYkjQ==

postcss-selector-parser@^6.0.6:
  version "6.0.10"
  resolved "https://registry.yarnpkg.com/postcss-selector-parser/-/postcss-selector-parser-6.0.10.tgz#79b61e2c0d1bfc2602d549e11d0876256f8df88d"
  integrity sha512-IQ7TZdoaqbT+LCpShg46jnZVlhWD2w6iQYAcYXfHARZ7X1t/UGhhceQDs5X0cGqKvYlHNOuv7Oa1xmb0oQuA3w==
  dependencies:
    cssesc "^3.0.0"
    util-deprecate "^1.0.2"

postcss@^8.3.5:
  version "8.4.14"
  resolved "https://registry.yarnpkg.com/postcss/-/postcss-8.4.14.tgz#ee9274d5622b4858c1007a74d76e42e56fd21caf"
  integrity sha512-E398TUmfAYFPBSdzgeieK2Y1+1cpdxJx8yXbK/m57nRhKSmk1GB2tO4lbLBtlkfPQTDKfe4Xqv1ASWPpayPEig==
  dependencies:
    nanoid "^3.3.4"
    picocolors "^1.0.0"
    source-map-js "^1.0.2"

purgecss@^4.1.3:
  version "4.1.3"
  resolved "https://registry.yarnpkg.com/purgecss/-/purgecss-4.1.3.tgz#683f6a133c8c4de7aa82fe2746d1393b214918f7"
  integrity sha512-99cKy4s+VZoXnPxaoM23e5ABcP851nC2y2GROkkjS8eJaJtlciGavd7iYAw2V84WeBqggZ12l8ef44G99HmTaw==
  dependencies:
    commander "^8.0.0"
    glob "^7.1.7"
    postcss "^8.3.5"
    postcss-selector-parser "^6.0.6"

source-map-js@^1.0.2:
  version "1.0.2"
  resolved "https://registry.yarnpkg.com/source-map-js/-/source-map-js-1.0.2.tgz#adbc361d9c62df380125e7f161f71c826f1e490c"
  integrity sha512-R0XvVJ9WusLiqTCEiGCmICCMplcCkIwwR11mOSD9CR5u+IXYdiseeEuXCVAjS54zqwkLcPNnmU4OeJ6tUrWhDw==

util-deprecate@^1.0.2:
  version "1.0.2"
  resolved "https://registry.yarnpkg.com/util-deprecate/-/util-deprecate-1.0.2.tgz#450d4dc9fa70de732762fbd2d4a28981419a0ccf"
  integrity sha512-EPD5q1uXyFxJpCrLnCc1nHnq3gOa6DZBocAIiI2TaSCA7VCJ1UJDMagCzIkXNsUYfD1daK//LTEQ8xiIbrHtcw==

wrappy@1:
  version "1.0.2"
  resolved "https://registry.yarnpkg.com/wrappy/-/wrappy-1.0.2.tgz#b5243d8f3ec1aa35f1364605bc0d1036e30ab69f"
  integrity sha512-l4Sp/DRseor9wL6EvV2+TuQn63dMkPjZ/sp9XkghTEbV9KlPS1xUsZ3u7/IQO4wxtcFB4bgpQPRcR3QCvezPcQ==
